
Microsoft Visual Studio Solution File, Format Version 12.00
# Visual Studio 15
VisualStudioVersion = 15.0.28307.168
MinimumVisualStudioVersion = 10.0.40219.1
Project("{FAE04EC0-301F-11D3-BF4B-00C04F79EFBC}") = "preworkcodechallenges", "preworkcodechallenges\preworkcodechallenges.csproj", "{3E83B0C2-1876-4C9A-9049-94A25A2D797D}"
EndProject
Global
	GlobalSection(SolutionConfigurationPlatforms) = preSolution
		Debug|Any CPU = Debug|Any CPU
		Release|Any CPU = Release|Any CPU
	EndGlobalSection
	GlobalSection(ProjectConfigurationPlatforms) = postSolution
		{3E83B0C2-1876-4C9A-9049-94A25A2D797D}.Debug|Any CPU.ActiveCfg = Debug|Any CPU
		{3E83B0C2-1876-4C9A-9049-94A25A2D797D}.Debug|Any CPU.Build.0 = Debug|Any CPU
		{3E83B0C2-1876-4C9A-9049-94A25A2D797D}.Release|Any CPU.ActiveCfg = Release|Any CPU
		{3E83B0C2-1876-4C9A-9049-94A25A2D797D}.Release|Any CPU.Build.0 = Release|Any CPU
	EndGlobalSection
	GlobalSection(SolutionProperties) = preSolution
		HideSolutionNode = FALSE
	EndGlobalSection
	GlobalSection(ExtensibilityGlobals) = postSolution
		SolutionGuid = {92B60B97-D845-41C5-9242-BDCCBD5F4505}
	EndGlobalSection
EndGlobal
